// !$*UTF8*$!
{
	archiveVersion = 1;
	classes = {
	};
	objectVersion = 46;
	objects = {

/* Begin PBXBuildFile section */
		21A8A83E1F381CA200CD5772 /* main.m in Sources */ = {isa = PBXBuildFile; fileRef = 21A8A83D1F381CA200CD5772 /* main.m */; };
		21A8A8411F381CA200CD5772 /* AppDelegate.m in Sources */ = {isa = PBXBuildFile; fileRef = 21A8A8401F381CA200CD5772 /* AppDelegate.m */; };
		21A8A8441F381CA200CD5772 /* ViewController.m in Sources */ = {isa = PBXBuildFile; fileRef = 21A8A8431F381CA200CD5772 /* ViewController.m */; };
		21A8A8471F381CA200CD5772 /* Main.storyboard in Resources */ = {isa = PBXBuildFile; fileRef = 21A8A8451F381CA200CD5772 /* Main.storyboard */; };
		21A8A8491F381CA200CD5772 /* Assets.xcassets in Resources */ = {isa = PBXBuildFile; fileRef = 21A8A8481F381CA200CD5772 /* Assets.xcassets */; };
		21A8A84C1F381CA200CD5772 /* LaunchScreen.storyboard in Resources */ = {isa = PBXBuildFile; fileRef = 21A8A84A1F381CA200CD5772 /* LaunchScreen.storyboard */; };
		21A8A8571F381CA200CD5772 /* FCalenderTests.m in Sources */ = {isa = PBXBuildFile; fileRef = 21A8A8561F381CA200CD5772 /* FCalenderTests.m */; };
		21A8A8621F381CA200CD5772 /* FCalenderUITests.m in Sources */ = {isa = PBXBuildFile; fileRef = 21A8A8611F381CA200CD5772 /* FCalenderUITests.m */; };
		21A8A8711F38397400CD5772 /* CollectionViewFlowLayout.m in Sources */ = {isa = PBXBuildFile; fileRef = 21A8A8701F38397400CD5772 /* CollectionViewFlowLayout.m */; };
		21A8A8761F383C5100CD5772 /* CalenderCell.m in Sources */ = {isa = PBXBuildFile; fileRef = 21A8A8751F383C5100CD5772 /* CalenderCell.m */; };
		21A8A8791F383EBA00CD5772 /* CollectionReusableView.m in Sources */ = {isa = PBXBuildFile; fileRef = 21A8A8781F383EBA00CD5772 /* CollectionReusableView.m */; };
		21A8A87C1F3841C700CD5772 /* CalenderTool.m in Sources */ = {isa = PBXBuildFile; fileRef = 21A8A87B1F3841C700CD5772 /* CalenderTool.m */; };
		21A8A87F1F3841EB00CD5772 /* CalenderView.m in Sources */ = {isa = PBXBuildFile; fileRef = 21A8A87E1F3841EB00CD5772 /* CalenderView.m */; };
		21CE9ED31F3898B7007CD25A /* NavTitleView.m in Sources */ = {isa = PBXBuildFile; fileRef = 21CE9ED21F3898B7007CD25A /* NavTitleView.m */; };
/* End PBXBuildFile section */

/* Begin PBXContainerItemProxy section */
		21A8A8531F381CA200CD5772 /* PBXContainerItemProxy */ = {
			isa = PBXContainerItemProxy;
			containerPortal = 21A8A8311F381CA200CD5772 /* Project object */;
			proxyType = 1;
			remoteGlobalIDString = 21A8A8381F381CA200CD5772;
			remoteInfo = FCalender;
		};
		21A8A85E1F381CA200CD5772 /* PBXContainerItemProxy */ = {
			isa = PBXContainerItemProxy;
			containerPortal = 21A8A8311F381CA200CD5772 /* Project object */;
			proxyType = 1;
			remoteGlobalIDString = 21A8A8381F381CA200CD5772;
			remoteInfo = FCalender;
		};
/* End PBXContainerItemProxy section */

/* Begin PBXFileReference section */
		21A8A8391F381CA200CD5772 /* FCalender.app */ = {isa = PBXFileReference; explicitFileType = wrapper.application; includeInIndex = 0; path = FCalender.app; sourceTree = BUILT_PRODUCTS_DIR; };
		21A8A83D1F381CA200CD5772 /* main.m */ = {isa = PBXFileReference; lastKnownFileType = sourcecode.c.objc; path = main.m; sourceTree = "<group>"; };
		21A8A83F1F381CA200CD5772 /* AppDelegate.h */ = {isa = PBXFileReference; lastKnownFileType = sourcecode.c.h; path = AppDelegate.h; sourceTree = "<group>"; };
		21A8A8401F381CA200CD5772 /* AppDelegate.m */ = {isa = PBXFileReference; lastKnownFileType = sourcecode.c.objc; path = AppDelegate.m; sourceTree = "<group>"; };
		21A8A8421F381CA200CD5772 /* ViewController.h */ = {isa = PBXFileReference; lastKnownFileType = sourcecode.c.h; path = ViewController.h; sourceTree = "<group>"; };
		21A8A8431F381CA200CD5772 /* ViewController.m */ = {isa = PBXFileReference; lastKnownFileType = sourcecode.c.objc; path = ViewController.m; sourceTree = "<group>"; };
		21A8A8461F381CA200CD5772 /* Base */ = {isa = PBXFileReference; lastKnownFileType = file.storyboard; name = Base; path = Base.lproj/Main.storyboard; sourceTree = "<group>"; };
		21A8A8481F381CA200CD5772 /* Assets.xcassets */ = {isa = PBXFileReference; lastKnownFileType = folder.assetcatalog; path = Assets.xcassets; sourceTree = "<group>"; };
		21A8A84B1F381CA200CD5772 /* Base */ = {isa = PBXFileReference; lastKnownFileType = file.storyboard; name = Base; path = Base.lproj/LaunchScreen.storyboard; sourceTree = "<group>"; };
		21A8A84D1F381CA200CD5772 /* Info.plist */ = {isa = PBXFileReference; lastKnownFileType = text.plist.xml; path = Info.plist; sourceTree = "<group>"; };
		21A8A8521F381CA200CD5772 /* FCalenderTests.xctest */ = {isa = PBXFileReference; explicitFileType = wrapper.cfbundle; includeInIndex = 0; path = FCalenderTests.xctest; sourceTree = BUILT_PRODUCTS_DIR; };
		21A8A8561F381CA200CD5772 /* FCalenderTests.m */ = {isa = PBXFileReference; lastKnownFileType = sourcecode.c.objc; path = FCalenderTests.m; sourceTree = "<group>"; };
		21A8A8581F381CA200CD5772 /* Info.plist */ = {isa = PBXFileReference; lastKnownFileType = text.plist.xml; path = Info.plist; sourceTree = "<group>"; };
		21A8A85D1F381CA200CD5772 /* FCalenderUITests.xctest */ = {isa = PBXFileReference; explicitFileType = wrapper.cfbundle; includeInIndex = 0; path = FCalenderUITests.xctest; sourceTree = BUILT_PRODUCTS_DIR; };
		21A8A8611F381CA200CD5772 /* FCalenderUITests.m */ = {isa = PBXFileReference; lastKnownFileType = sourcecode.c.objc; path = FCalenderUITests.m; sourceTree = "<group>"; };
		21A8A8631F381CA200CD5772 /* Info.plist */ = {isa = PBXFileReference; lastKnownFileType = text.plist.xml; path = Info.plist; sourceTree = "<group>"; };
		21A8A86F1F38397400CD5772 /* CollectionViewFlowLayout.h */ = {isa = PBXFileReference; fileEncoding = 4; lastKnownFileType = sourcecode.c.h; path = CollectionViewFlowLayout.h; sourceTree = "<group>"; };
		21A8A8701F38397400CD5772 /* CollectionViewFlowLayout.m */ = {isa = PBXFileReference; fileEncoding = 4; lastKnownFileType = sourcecode.c.objc; path = CollectionViewFlowLayout.m; sourceTree = "<group>"; };
		21A8A8721F383AAA00CD5772 /* Config.h */ = {isa = PBXFileReference; fileEncoding = 4; lastKnownFileType = sourcecode.c.h; path = Config.h; sourceTree = "<group>"; };
		21A8A8731F383B0B00CD5772 /* PrefixHeader.pch */ = {isa = PBXFileReference; fileEncoding = 4; lastKnownFileType = sourcecode.c.h; path = PrefixHeader.pch; sourceTree = "<group>"; };
		21A8A8741F383C5100CD5772 /* CalenderCell.h */ = {isa = PBXFileReference; fileEncoding = 4; lastKnownFileType = sourcecode.c.h; path = CalenderCell.h; sourceTree = "<group>"; };
		21A8A8751F383C5100CD5772 /* CalenderCell.m */ = {isa = PBXFileReference; fileEncoding = 4; lastKnownFileType = sourcecode.c.objc; path = CalenderCell.m; sourceTree = "<group>"; };
		21A8A8771F383EBA00CD5772 /* CollectionReusableView.h */ = {isa = PBXFileReference; fileEncoding = 4; lastKnownFileType = sourcecode.c.h; path = CollectionReusableView.h; sourceTree = "<group>"; };
		21A8A8781F383EBA00CD5772 /* CollectionReusableView.m */ = {isa = PBXFileReference; fileEncoding = 4; lastKnownFileType = sourcecode.c.objc; path = CollectionReusableView.m; sourceTree = "<group>"; };
		21A8A87A1F3841C700CD5772 /* CalenderTool.h */ = {isa = PBXFileReference; fileEncoding = 4; lastKnownFileType = sourcecode.c.h; path = CalenderTool.h; sourceTree = "<group>"; };
		21A8A87B1F3841C700CD5772 /* CalenderTool.m */ = {isa = PBXFileReference; fileEncoding = 4; lastKnownFileType = sourcecode.c.objc; path = CalenderTool.m; sourceTree = "<group>"; };
		21A8A87D1F3841EB00CD5772 /* CalenderView.h */ = {isa = PBXFileReference; fileEncoding = 4; lastKnownFileType = sourcecode.c.h; path = CalenderView.h; sourceTree = "<group>"; };
		21A8A87E1F3841EB00CD5772 /* CalenderView.m */ = {isa = PBXFileReference; fileEncoding = 4; lastKnownFileType = sourcecode.c.objc; path = CalenderView.m; sourceTree = "<group>"; };
		21CE9ED11F3898B7007CD25A /* NavTitleView.h */ = {isa = PBXFileReference; fileEncoding = 4; lastKnownFileType = sourcecode.c.h; path = NavTitleView.h; sourceTree = "<group>"; };
		21CE9ED21F3898B7007CD25A /* NavTitleView.m */ = {isa = PBXFileReference; fileEncoding = 4; lastKnownFileType = sourcecode.c.objc; path = NavTitleView.m; sourceTree = "<group>"; };
/* End PBXFileReference section */

/* Begin PBXFrameworksBuildPhase section */
		21A8A8361F381CA200CD5772 /* Frameworks */ = {
			isa = PBXFrameworksBuildPhase;
			buildActionMask = 2147483647;
			files = (
			);
			runOnlyForDeploymentPostprocessing = 0;
		};
		21A8A84F1F381CA200CD5772 /* Frameworks */ = {
			isa = PBXFrameworksBuildPhase;
			buildActionMask = 2147483647;
			files = (
			);
			runOnlyForDeploymentPostprocessing = 0;
		};
		21A8A85A1F381CA200CD5772 /* Frameworks */ = {
			isa = PBXFrameworksBuildPhase;
			buildActionMask = 2147483647;
			files = (
			);
			runOnlyForDeploymentPostprocessing = 0;
		};
/* End PBXFrameworksBuildPhase section */

/* Begin PBXGroup section */
		21A8A8301F381CA200CD5772 = {
			isa = PBXGroup;
			children = (
				21A8A83B1F381CA200CD5772 /* FCalender */,
				21A8A8551F381CA200CD5772 /* FCalenderTests */,
				21A8A8601F381CA200CD5772 /* FCalenderUITests */,
				21A8A83A1F381CA200CD5772 /* Products */,
			);
			sourceTree = "<group>";
		};
		21A8A83A1F381CA200CD5772 /* Products */ = {
			isa = PBXGroup;
			children = (
				21A8A8391F381CA200CD5772 /* FCalender.app */,
				21A8A8521F381CA200CD5772 /* FCalenderTests.xctest */,
				21A8A85D1F381CA200CD5772 /* FCalenderUITests.xctest */,
			);
			name = Products;
			sourceTree = "<group>";
		};
		21A8A83B1F381CA200CD5772 /* FCalender */ = {
			isa = PBXGroup;
			children = (
				21A8A83F1F381CA200CD5772 /* AppDelegate.h */,
				21A8A8401F381CA200CD5772 /* AppDelegate.m */,
				21A8A8421F381CA200CD5772 /* ViewController.h */,
				21A8A8431F381CA200CD5772 /* ViewController.m */,
				21A8A87A1F3841C700CD5772 /* CalenderTool.h */,
				21A8A87B1F3841C700CD5772 /* CalenderTool.m */,
				21A8A87D1F3841EB00CD5772 /* CalenderView.h */,
				21A8A87E1F3841EB00CD5772 /* CalenderView.m */,
				21A8A8741F383C5100CD5772 /* CalenderCell.h */,
				21A8A8751F383C5100CD5772 /* CalenderCell.m */,
				21CE9ED11F3898B7007CD25A /* NavTitleView.h */,
				21CE9ED21F3898B7007CD25A /* NavTitleView.m */,
				21A8A8771F383EBA00CD5772 /* CollectionReusableView.h */,
				21A8A8781F383EBA00CD5772 /* CollectionReusableView.m */,
				21A8A86F1F38397400CD5772 /* CollectionViewFlowLayout.h */,
				21A8A8701F38397400CD5772 /* CollectionViewFlowLayout.m */,
				21A8A8721F383AAA00CD5772 /* Config.h */,
				21A8A8451F381CA200CD5772 /* Main.storyboard */,
				21A8A8481F381CA200CD5772 /* Assets.xcassets */,
				21A8A84A1F381CA200CD5772 /* LaunchScreen.storyboard */,
				21A8A84D1F381CA200CD5772 /* Info.plist */,
				21A8A83C1F381CA200CD5772 /* Supporting Files */,
			);
			path = FCalender;
			sourceTree = "<group>";
		};
		21A8A83C1F381CA200CD5772 /* Supporting Files */ = {
			isa = PBXGroup;
			children = (
				21A8A83D1F381CA200CD5772 /* main.m */,
				21A8A8731F383B0B00CD5772 /* PrefixHeader.pch */,
			);
			name = "Supporting Files";
			sourceTree = "<group>";
		};
		21A8A8551F381CA200CD5772 /* FCalenderTests */ = {
			isa = PBXGroup;
			children = (
				21A8A8561F381CA200CD5772 /* FCalenderTests.m */,
				21A8A8581F381CA200CD5772 /* Info.plist */,
			);
			path = FCalenderTests;
			sourceTree = "<group>";
		};
		21A8A8601F381CA200CD5772 /* FCalenderUITests */ = {
			isa = PBXGroup;
			children = (
				21A8A8611F381CA200CD5772 /* FCalenderUITests.m */,
				21A8A8631F381CA200CD5772 /* Info.plist */,
			);
			path = FCalenderUITests;
			sourceTree = "<group>";
		};
/* End PBXGroup section */

/* Begin PBXNativeTarget section */
		21A8A8381F381CA200CD5772 /* FCalender */ = {
			isa = PBXNativeTarget;
			buildConfigurationList = 21A8A8661F381CA200CD5772 /* Build configuration list for PBXNativeTarget "FCalender" */;
			buildPhases = (
				21A8A8351F381CA200CD5772 /* Sources */,
				21A8A8361F381CA200CD5772 /* Frameworks */,
				21A8A8371F381CA200CD5772 /* Resources */,
			);
			buildRules = (
			);
			dependencies = (
			);
			name = FCalender;
			productName = FCalender;
			productReference = 21A8A8391F381CA200CD5772 /* FCalender.app */;
			productType = "com.apple.product-type.application";
		};
		21A8A8511F381CA200CD5772 /* FCalenderTests */ = {
			isa = PBXNativeTarget;
			buildConfigurationList = 21A8A8691F381CA200CD5772 /* Build configuration list for PBXNativeTarget "FCalenderTests" */;
			buildPhases = (
				21A8A84E1F381CA200CD5772 /* Sources */,
				21A8A84F1F381CA200CD5772 /* Frameworks */,
				21A8A8501F381CA200CD5772 /* Resources */,
			);
			buildRules = (
			);
			dependencies = (
				21A8A8541F381CA200CD5772 /* PBXTargetDependency */,
			);
			name = FCalenderTests;
			productName = FCalenderTests;
			productReference = 21A8A8521F381CA200CD5772 /* FCalenderTests.xctest */;
			productType = "com.apple.product-type.bundle.unit-test";
		};
		21A8A85C1F381CA200CD5772 /* FCalenderUITests */ = {
			isa = PBXNativeTarget;
			buildConfigurationList = 21A8A86C1F381CA200CD5772 /* Build configuration list for PBXNativeTarget "FCalenderUITests" */;
			buildPhases = (
				21A8A8591F381CA200CD5772 /* Sources */,
				21A8A85A1F381CA200CD5772 /* Frameworks */,
				21A8A85B1F381CA200CD5772 /* Resources */,
			);
			buildRules = (
			);
			dependencies = (
				21A8A85F1F381CA200CD5772 /* PBXTargetDependency */,
			);
			name = FCalenderUITests;
			productName = FCalenderUITests;
			productReference = 21A8A85D1F381CA200CD5772 /* FCalenderUITests.xctest */;
			productType = "com.apple.product-type.bundle.ui-testing";
		};
/* End PBXNativeTarget section */

/* Begin PBXProject section */
		21A8A8311F381CA200CD5772 /* Project object */ = {
			isa = PBXProject;
			attributes = {
				LastUpgradeCheck = 0830;
				ORGANIZATIONNAME = com.TulipSport;
				TargetAttributes = {
					21A8A8381F381CA200CD5772 = {
						CreatedOnToolsVersion = 8.3.2;
						DevelopmentTeam = 246A9D29DN;
						ProvisioningStyle = Automatic;
					};
					21A8A8511F381CA200CD5772 = {
						CreatedOnToolsVersion = 8.3.2;
						DevelopmentTeam = 246A9D29DN;
						ProvisioningStyle = Automatic;
						TestTargetID = 21A8A8381F381CA200CD5772;
					};
					21A8A85C1F381CA200CD5772 = {
						CreatedOnToolsVersion = 8.3.2;
						DevelopmentTeam = 246A9D29DN;
						ProvisioningStyle = Automatic;
						TestTargetID = 21A8A8381F381CA200CD5772;
					};
				};
			};
			buildConfigurationList = 21A8A8341F381CA200CD5772 /* Build configuration list for PBXProject "FCalender" */;
			compatibilityVersion = "Xcode 3.2";
			developmentRegion = English;
			hasScannedForEncodings = 0;
			knownRegions = (
				en,
				Base,
			);
			mainGroup = 21A8A8301F381CA200CD5772;
			productRefGroup = 21A8A83A1F381CA200CD5772 /* Products */;
			projectDirPath = "";
			projectRoot = "";
			targets = (
				21A8A8381F381CA200CD5772 /* FCalender */,
				21A8A8511F381CA200CD5772 /* FCalenderTests */,
				21A8A85C1F381CA200CD5772 /* FCalenderUITests */,
			);
		};
/* End PBXProject section */

/* Begin PBXResourcesBuildPhase section */
		21A8A8371F381CA200CD5772 /* Resources */ = {
			isa = PBXResourcesBuildPhase;
			buildActionMask = 2147483647;
			files = (
				21A8A84C1F381CA200CD5772 /* LaunchScreen.storyboard in Resources */,
				21A8A8491F381CA200CD5772 /* Assets.xcassets in Resources */,
				21A8A8471F381CA200CD5772 /* Main.storyboard in Resources */,
			);
			runOnlyForDeploymentPostprocessing = 0;
		};
		21A8A8501F381CA200CD5772 /* Resources */ = {
			isa = PBXResourcesBuildPhase;
			buildActionMask = 2147483647;
			files = (
			);
			runOnlyForDeploymentPostprocessing = 0;
		};
		21A8A85B1F381CA200CD5772 /* Resources */ = {
			isa = PBXResourcesBuildPhase;
			buildActionMask = 2147483647;
			files = (
			);
			runOnlyForDeploymentPostprocessing = 0;
		};
/* End PBXResourcesBuildPhase section */

/* Begin PBXSourcesBuildPhase section */
		21A8A8351F381CA200CD5772 /* Sources */ = {
			isa = PBXSourcesBuildPhase;
			buildActionMask = 2147483647;
			files = (
				21A8A8441F381CA200CD5772 /* ViewController.m in Sources */,
				21CE9ED31F3898B7007CD25A /* NavTitleView.m in Sources */,
				21A8A87C1F3841C700CD5772 /* CalenderTool.m in Sources */,
				21A8A87F1F3841EB00CD5772 /* CalenderView.m in Sources */,
				21A8A8411F381CA200CD5772 /* AppDelegate.m in Sources */,
				21A8A8711F38397400CD5772 /* CollectionViewFlowLayout.m in Sources */,
				21A8A83E1F381CA200CD5772 /* main.m in Sources */,
				21A8A8761F383C5100CD5772 /* CalenderCell.m in Sources */,
				21A8A8791F383EBA00CD5772 /* CollectionReusableView.m in Sources */,
			);
			runOnlyForDeploymentPostprocessing = 0;
		};
		21A8A84E1F381CA200CD5772 /* Sources */ = {
			isa = PBXSourcesBuildPhase;
			buildActionMask = 2147483647;
			files = (
				21A8A8571F381CA200CD5772 /* FCalenderTests.m in Sources */,
			);
			runOnlyForDeploymentPostprocessing = 0;
		};
		21A8A8591F381CA200CD5772 /* Sources */ = {
			isa = PBXSourcesBuildPhase;
			buildActionMask = 2147483647;
			files = (
				21A8A8621F381CA200CD5772 /* FCalenderUITests.m in Sources */,
			);
			runOnlyForDeploymentPostprocessing = 0;
		};
/* End PBXSourcesBuildPhase section */

/* Begin PBXTargetDependency section */
		21A8A8541F381CA200CD5772 /* PBXTargetDependency */ = {
			isa = PBXTargetDependency;
			target = 21A8A8381F381CA200CD5772 /* FCalender */;
			targetProxy = 21A8A8531F381CA200CD5772 /* PBXContainerItemProxy */;
		};
		21A8A85F1F381CA200CD5772 /* PBXTargetDependency */ = {
			isa = PBXTargetDependency;
			target = 21A8A8381F381CA200CD5772 /* FCalender */;
			targetProxy = 21A8A85E1F381CA200CD5772 /* PBXContainerItemProxy */;
		};
/* End PBXTargetDependency section */

/* Begin PBXVariantGroup section */
		21A8A8451F381CA200CD5772 /* Main.storyboard */ = {
			isa = PBXVariantGroup;
			children = (
				21A8A8461F381CA200CD5772 /* Base */,
			);
			name = Main.storyboard;
			sourceTree = "<group>";
		};
		21A8A84A1F381CA200CD5772 /* LaunchScreen.storyboard */ = {
			isa = PBXVariantGroup;
			children = (
				21A8A84B1F381CA200CD5772 /* Base */,
			);
			name = LaunchScreen.storyboard;
			sourceTree = "<group>";
		};
/* End PBXVariantGroup section */

/* Begin XCBuildConfiguration section */
		21A8A8641F381CA200CD5772 /* Debug */ = {
			isa = XCBuildConfiguration;
			buildSettings = {
				ALWAYS_SEARCH_USER_PATHS = NO;
				CLANG_ANALYZER_NONNULL = YES;
				CLANG_ANALYZER_NUMBER_OBJECT_CONVERSION = YES_AGGRESSIVE;
				CLANG_CXX_LANGUAGE_STANDARD = "gnu++0x";
				CLANG_CXX_LIBRARY = "libc++";
				CLANG_ENABLE_MODULES = YES;
				CLANG_ENABLE_OBJC_ARC = YES;
				CLANG_WARN_BOOL_CONVERSION = YES;
				CLANG_WARN_CONSTANT_CONVERSION = YES;
				CLANG_WARN_DIRECT_OBJC_ISA_USAGE = YES_ERROR;
				CLANG_WARN_DOCUMENTATION_COMMENTS = YES;
				CLANG_WARN_EMPTY_BODY = YES;
				CLANG_WARN_ENUM_CONVERSION = YES;
				CLANG_WARN_INFINITE_RECURSION = YES;
				CLANG_WARN_INT_CONVERSION = YES;
				CLANG_WARN_OBJC_ROOT_CLASS = YES_ERROR;
				CLANG_WARN_SUSPICIOUS_MOVE = YES;
				CLANG_WARN_UNREACHABLE_CODE = YES;
				CLANG_WARN__DUPLICATE_METHOD_MATCH = YES;
				"CODE_SIGN_IDENTITY[sdk=iphoneos*]" = "iPhone Developer";
				COPY_PHASE_STRIP = NO;
				DEBUG_INFORMATION_FORMAT = dwarf;
				ENABLE_STRICT_OBJC_MSGSEND = YES;
				ENABLE_TESTABILITY = YES;
				GCC_C_LANGUAGE_STANDARD = gnu99;
				GCC_DYNAMIC_NO_PIC = NO;
				GCC_NO_COMMON_BLOCKS = YES;
				GCC_OPTIMIZATION_LEVEL = 0;
				GCC_PREPROCESSOR_DEFINITIONS = (
					"DEBUG=1",
					"$(inherited)",
				);
				GCC_WARN_64_TO_32_BIT_CONVERSION = YES;
				GCC_WARN_ABOUT_RETURN_TYPE = YES_ERROR;
				GCC_WARN_UNDECLARED_SELECTOR = YES;
				GCC_WARN_UNINITIALIZED_AUTOS = YES_AGGRESSIVE;
				GCC_WARN_UNUSED_FUNCTION = YES;
				GCC_WARN_UNUSED_VARIABLE = YES;
				IPHONEOS_DEPLOYMENT_TARGET = 10.3;
				MTL_ENABLE_DEBUG_INFO = YES;
				ONLY_ACTIVE_ARCH = YES;
				SDKROOT = iphoneos;
			};
			name = Debug;
		};
		21A8A8651F381CA200CD5772 /* Release */ = {
			isa = XCBuildConfiguration;
			buildSettings = {
				ALWAYS_SEARCH_USER_PATHS = NO;
				CLANG_ANALYZER_NONNULL = YES;
				CLANG_ANALYZER_NUMBER_OBJECT_CONVERSION = YES_AGGRESSIVE;
				CLANG_CXX_LANGUAGE_STANDARD = "gnu++0x";
				CLANG_CXX_LIBRARY = "libc++";
				CLANG_ENABLE_MODULES = YES;
				CLANG_ENABLE_OBJC_ARC = YES;
				CLANG_WARN_BOOL_CONVERSION = YES;
				CLANG_WARN_CONSTANT_CONVERSION = YES;
				CLANG_WARN_DIRECT_OBJC_ISA_USAGE = YES_ERROR;
				CLANG_WARN_DOCUMENTATION_COMMENTS = YES;
				CLANG_WARN_EMPTY_BODY = YES;
				CLANG_WARN_ENUM_CONVERSION = YES;
				CLANG_WARN_INFINITE_RECURSION = YES;
				CLANG_WARN_INT_CONVERSION = YES;
				CLANG_WARN_OBJC_ROOT_CLASS = YES_ERROR;
				CLANG_WARN_SUSPICIOUS_MOVE = YES;
				CLANG_WARN_UNREACHABLE_CODE = YES;
				CLANG_WARN__DUPLICATE_METHOD_MATCH = YES;
				"CODE_SIGN_IDENTITY[sdk=iphoneos*]" = "iPhone Developer";
				COPY_PHASE_STRIP = NO;
				DEBUG_INFORMATION_FORMAT = "dwarf-with-dsym";
				ENABLE_NS_ASSERTIONS = NO;
				ENABLE_STRICT_OBJC_MSGSEND = YES;
				GCC_C_LANGUAGE_STANDARD = gnu99;
				GCC_NO_COMMON_BLOCKS = YES;
				GCC_WARN_64_TO_32_BIT_CONVERSION = YES;
				GCC_WARN_ABOUT_RETURN_TYPE = YES_ERROR;
				GCC_WARN_UNDECLARED_SELECTOR = YES;
				GCC_WARN_UNINITIALIZED_AUTOS = YES_AGGRESSIVE;
				GCC_WARN_UNUSED_FUNCTION = YES;
				GCC_WARN_UNUSED_VARIABLE = YES;
				IPHONEOS_DEPLOYMENT_TARGET = 10.3;
				MTL_ENABLE_DEBUG_INFO = NO;
				SDKROOT = iphoneos;
				VALIDATE_PRODUCT = YES;
			};
			name = Release;
		};
		21A8A8671F381CA200CD5772 /* Debug */ = {
			isa = XCBuildConfiguration;
			buildSettings = {
				ASSETCATALOG_COMPILER_APPICON_NAME = AppIcon;
				DEVELOPMENT_TEAM = 246A9D29DN;
				GCC_PREFIX_HEADER = /Users/fcz/Desktop/Ready/FCalender/FCalender/PrefixHeader.pch;
				INFOPLIST_FILE = FCalender/Info.plist;
				LD_RUNPATH_SEARCH_PATHS = "$(inherited) @executable_path/Frameworks";
				PRODUCT_BUNDLE_IDENTIFIER = com.TulipSport.FCalender;
				PRODUCT_NAME = "$(TARGET_NAME)";
			};
			name = Debug;
		};
		21A8A8681F381CA200CD5772 /* Release */ = {
			isa = XCBuildConfiguration;
			buildSettings = {
				ASSETCATALOG_COMPILER_APPICON_NAME = AppIcon;
				DEVELOPMENT_TEAM = 246A9D29DN;
				GCC_PREFIX_HEADER = /Users/fcz/Desktop/Ready/FCalender/FCalender/PrefixHeader.pch;
				INFOPLIST_FILE = FCalender/Info.plist;
				LD_RUNPATH_SEARCH_PATHS = "$(inherited) @executable_path/Frameworks";
				PRODUCT_BUNDLE_IDENTIFIER = com.TulipSport.FCalender;
				PRODUCT_NAME = "$(TARGET_NAME)";
			};
			name = Release;
		};
		21A8A86A1F381CA200CD5772 /* Debug */ = {
			isa = XCBuildConfiguration;
			buildSettings = {
				BUNDLE_LOADER = "$(TEST_HOST)";
				DEVELOPMENT_TEAM = 246A9D29DN;
				INFOPLIST_FILE = FCalenderTests/Info.plist;
				LD_RUNPATH_SEARCH_PATHS = "$(inherited) @executable_path/Frameworks @loader_path/Frameworks";
				PRODUCT_BUNDLE_IDENTIFIER = com.TulipSport.FCalenderTests;
				PRODUCT_NAME = "$(TARGET_NAME)";
				TEST_HOST = "$(BUILT_PRODUCTS_DIR)/FCalender.app/FCalender";
			};
			name = Debug;
		};
		21A8A86B1F381CA200CD5772 /* Release */ = {
			isa = XCBuildConfiguration;
			buildSettings = {
				BUNDLE_LOADER = "$(TEST_HOST)";
				DEVELOPMENT_TEAM = 246A9D29DN;
				INFOPLIST_FILE = FCalenderTests/Info.plist;
				LD_RUNPATH_SEARCH_PATHS = "$(inherited) @executable_path/Frameworks @loader_path/Frameworks";
				PRODUCT_BUNDLE_IDENTIFIER = com.TulipSport.FCalenderTests;
				PRODUCT_NAME = "$(TARGET_NAME)";
				TEST_HOST = "$(BUILT_PRODUCTS_DIR)/FCalender.app/FCalender";
			};
			name = Release;
		};
		21A8A86D1F381CA200CD5772 /* Debug */ = {
			isa = XCBuildConfiguration;
			buildSettings = {
				DEVELOPMENT_TEAM = 246A9D29DN;
				INFOPLIST_FILE = FCalenderUITests/Info.plist;
				LD_RUNPATH_SEARCH_PATHS = "$(inherited) @executable_path/Frameworks @loader_path/Frameworks";
				PRODUCT_BUNDLE_IDENTIFIER = com.TulipSport.FCalenderUITests;
				PRODUCT_NAME = "$(TARGET_NAME)";
				TEST_TARGET_NAME = FCalender;
			};
			name = Debug;
		};
		21A8A86E1F381CA200CD5772 /* Release */ = {
			isa = XCBuildConfiguration;
			buildSettings = {
				DEVELOPMENT_TEAM = 246A9D29DN;
				INFOPLIST_FILE = FCalenderUITests/Info.plist;
				LD_RUNPATH_SEARCH_PATHS = "$(inherited) @executable_path/Frameworks @loader_path/Frameworks";
				PRODUCT_BUNDLE_IDENTIFIER = com.TulipSport.FCalenderUITests;
				PRODUCT_NAME = "$(TARGET_NAME)";
				TEST_TARGET_NAME = FCalender;
			};
			name = Release;
		};
/* End XCBuildConfiguration section */

/* Begin XCConfigurationList section */
		21A8A8341F381CA200CD5772 /* Build configuration list for PBXProject "FCalender" */ = {
			isa = XCConfigurationList;
			buildConfigurations = (
				21A8A8641F381CA200CD5772 /* Debug */,
				21A8A8651F381CA200CD5772 /* Release */,
			);
			defaultConfigurationIsVisible = 0;
			defaultConfigurationName = Release;
		};
		21A8A8661F381CA200CD5772 /* Build configuration list for PBXNativeTarget "FCalender" */ = {
			isa = XCConfigurationList;
			buildConfigurations = (
				21A8A8671F381CA200CD5772 /* Debug */,
				21A8A8681F381CA200CD5772 /* Release */,
			);
			defaultConfigurationIsVisible = 0;
			defaultConfigurationName = Release;
		};
		21A8A8691F381CA200CD5772 /* Build configuration list for PBXNativeTarget "FCalenderTests" */ = {
			isa = XCConfigurationList;
			buildConfigurations = (
				21A8A86A1F381CA200CD5772 /* Debug */,
				21A8A86B1F381CA200CD5772 /* Release */,
			);
			defaultConfigurationIsVisible = 0;
			defaultConfigurationName = Release;
		};
		21A8A86C1F381CA200CD5772 /* Build configuration list for PBXNativeTarget "FCalenderUITests" */ = {
			isa = XCConfigurationList;
			buildConfigurations = (
				21A8A86D1F381CA200CD5772 /* Debug */,
				21A8A86E1F381CA200CD5772 /* Release */,
			);
			defaultConfigurationIsVisible = 0;
			defaultConfigurationName = Release;
		};
/* End XCConfigurationList section */
	};
	rootObject = 21A8A8311F381CA200CD5772 /* Project object */;
}
